// !$*UTF8*$!
{
	archiveVersion = 1;
	classes = {
	};
	objectVersion = 55;
	objects = {

/* Begin PBXBuildFile section */
		0825A30B2899E6E600231C6B /* Models in Resources */ = {isa = PBXBuildFile; fileRef = 0825A30A2899E6E400231C6B /* Models */; };
		0825A30D2899E70600231C6B /* Services in Resources */ = {isa = PBXBuildFile; fileRef = 0825A30C2899E70400231C6B /* Services */; };
		0825A30F2899E71E00231C6B /* Workers in Resources */ = {isa = PBXBuildFile; fileRef = 0825A30E2899E71C00231C6B /* Workers */; };
		0825A3112899E73600231C6B /* Scenes in Resources */ = {isa = PBXBuildFile; fileRef = 0825A3102899E73400231C6B /* Scenes */; };
		0825A3142899E76B00231C6B /* projRed.xcdatamodeld in Sources */ = {isa = PBXBuildFile; fileRef = 0825A3122899E76B00231C6B /* projRed.xcdatamodeld */; };
		08E5A6B428980EE4003D5EBD /* AppDelegate.swift in Sources */ = {isa = PBXBuildFile; fileRef = 08E5A6B328980EE4003D5EBD /* AppDelegate.swift */; };
		08E5A6B628980EE4003D5EBD /* SceneDelegate.swift in Sources */ = {isa = PBXBuildFile; fileRef = 08E5A6B528980EE4003D5EBD /* SceneDelegate.swift */; };
		08E5A6BB28980EE4003D5EBD /* Main.storyboard in Resources */ = {isa = PBXBuildFile; fileRef = 08E5A6B928980EE4003D5EBD /* Main.storyboard */; };
		08E5A6BD28980F17003D5EBD /* Assets.xcassets in Resources */ = {isa = PBXBuildFile; fileRef = 08E5A6BC28980F17003D5EBD /* Assets.xcassets */; };
		08E5A6C028980F18003D5EBD /* LaunchScreen.storyboard in Resources */ = {isa = PBXBuildFile; fileRef = 08E5A6BE28980F18003D5EBD /* LaunchScreen.storyboard */; };
/* End PBXBuildFile section */

/* Begin PBXFileReference section */
		0825A30A2899E6E400231C6B /* Models */ = {isa = PBXFileReference; lastKnownFileType = folder; path = Models; sourceTree = "<group>"; };
		0825A30C2899E70400231C6B /* Services */ = {isa = PBXFileReference; lastKnownFileType = folder; path = Services; sourceTree = "<group>"; };
		0825A30E2899E71C00231C6B /* Workers */ = {isa = PBXFileReference; lastKnownFileType = folder; path = Workers; sourceTree = "<group>"; };
		0825A3102899E73400231C6B /* Scenes */ = {isa = PBXFileReference; lastKnownFileType = folder; path = Scenes; sourceTree = "<group>"; };
		0825A3132899E76B00231C6B /* CleanStore.xcdatamodel */ = {isa = PBXFileReference; lastKnownFileType = wrapper.xcdatamodel; path = CleanStore.xcdatamodel; sourceTree = "<group>"; };
		08E5A6B028980EE3003D5EBD /* projRed.app */ = {isa = PBXFileReference; explicitFileType = wrapper.application; includeInIndex = 0; path = projRed.app; sourceTree = BUILT_PRODUCTS_DIR; };
		08E5A6B328980EE4003D5EBD /* AppDelegate.swift */ = {isa = PBXFileReference; lastKnownFileType = sourcecode.swift; path = AppDelegate.swift; sourceTree = "<group>"; };
		08E5A6B528980EE4003D5EBD /* SceneDelegate.swift */ = {isa = PBXFileReference; lastKnownFileType = sourcecode.swift; path = SceneDelegate.swift; sourceTree = "<group>"; };
		08E5A6BA28980EE4003D5EBD /* Base */ = {isa = PBXFileReference; lastKnownFileType = file.storyboard; name = Base; path = Base.lproj/Main.storyboard; sourceTree = "<group>"; };
		08E5A6BC28980F17003D5EBD /* Assets.xcassets */ = {isa = PBXFileReference; lastKnownFileType = folder.assetcatalog; path = Assets.xcassets; sourceTree = "<group>"; };
		08E5A6BF28980F18003D5EBD /* Base */ = {isa = PBXFileReference; lastKnownFileType = file.storyboard; name = Base; path = Base.lproj/LaunchScreen.storyboard; sourceTree = "<group>"; };
		08E5A6C128980F18003D5EBD /* Info.plist */ = {isa = PBXFileReference; lastKnownFileType = text.plist.xml; path = Info.plist; sourceTree = "<group>"; };
/* End PBXFileReference section */

/* Begin PBXFrameworksBuildPhase section */
		08E5A6AD28980EE2003D5EBD /* Frameworks */ = {
			isa = PBXFrameworksBuildPhase;
			buildActionMask = 2147483647;
			files = (
			);
			runOnlyForDeploymentPostprocessing = 0;
		};
/* End PBXFrameworksBuildPhase section */

/* Begin PBXGroup section */
		08E5A6A728980EE0003D5EBD = {
			isa = PBXGroup;
			children = (
				08E5A6B228980EE3003D5EBD /* projRed */,
				08E5A6B128980EE3003D5EBD /* Products */,
			);
			sourceTree = "<group>";
		};
		08E5A6B128980EE3003D5EBD /* Products */ = {
			isa = PBXGroup;
			children = (
				08E5A6B028980EE3003D5EBD /* projRed.app */,
			);
			name = Products;
			sourceTree = "<group>";
		};
		08E5A6B228980EE3003D5EBD /* projRed */ = {
			isa = PBXGroup;
			children = (
				0825A30A2899E6E400231C6B /* Models */,
				0825A30C2899E70400231C6B /* Services */,
				0825A30E2899E71C00231C6B /* Workers */,
				0825A3102899E73400231C6B /* Scenes */,
				08E5A6B328980EE4003D5EBD /* AppDelegate.swift */,
				08E5A6B528980EE4003D5EBD /* SceneDelegate.swift */,
				08E5A6B928980EE4003D5EBD /* Main.storyboard */,
				0825A3122899E76B00231C6B /* projRed.xcdatamodeld */,
				08E5A6BC28980F17003D5EBD /* Assets.xcassets */,
				08E5A6BE28980F18003D5EBD /* LaunchScreen.storyboard */,
				08E5A6C128980F18003D5EBD /* Info.plist */,
			);
			path = projRed;
			sourceTree = "<group>";
		};
/* End PBXGroup section */

/* Begin PBXNativeTarget section */
		08E5A6AF28980EE2003D5EBD /* projRed */ = {
			isa = PBXNativeTarget;
			buildConfigurationList = 08E5A6C428980F18003D5EBD /* Build configuration list for PBXNativeTarget "projRed" */;
			buildPhases = (
				08E5A6AC28980EE2003D5EBD /* Sources */,
				08E5A6AD28980EE2003D5EBD /* Frameworks */,
				08E5A6AE28980EE2003D5EBD /* Resources */,
			);
			buildRules = (
			);
			dependencies = (
			);
			name = projRed;
			productName = projRed;
			productReference = 08E5A6B028980EE3003D5EBD /* projRed.app */;
			productType = "com.apple.product-type.application";
		};
/* End PBXNativeTarget section */

/* Begin PBXProject section */
		08E5A6A828980EE1003D5EBD /* Project object */ = {
			isa = PBXProject;
			attributes = {
				BuildIndependentTargetsInParallel = 1;
				LastSwiftUpdateCheck = 1340;
				LastUpgradeCheck = 1340;
				TargetAttributes = {
					08E5A6AF28980EE2003D5EBD = {
						CreatedOnToolsVersion = 13.4.1;
					};
				};
			};
			buildConfigurationList = 08E5A6AB28980EE1003D5EBD /* Build configuration list for PBXProject "projRed" */;
			compatibilityVersion = "Xcode 13.0";
			developmentRegion = en;
			hasScannedForEncodings = 0;
			knownRegions = (
				en,
				Base,
			);
			mainGroup = 08E5A6A728980EE0003D5EBD;
			productRefGroup = 08E5A6B128980EE3003D5EBD /* Products */;
			projectDirPath = "";
			projectRoot = "";
			targets = (
				08E5A6AF28980EE2003D5EBD /* projRed */,
			);
		};
/* End PBXProject section */

/* Begin PBXResourcesBuildPhase section */
		08E5A6AE28980EE2003D5EBD /* Resources */ = {
			isa = PBXResourcesBuildPhase;
			buildActionMask = 2147483647;
			files = (
				0825A3112899E73600231C6B /* Scenes in Resources */,
				0825A30F2899E71E00231C6B /* Workers in Resources */,
				0825A30D2899E70600231C6B /* Services in Resources */,
				08E5A6C028980F18003D5EBD /* LaunchScreen.storyboard in Resources */,
				08E5A6BD28980F17003D5EBD /* Assets.xcassets in Resources */,
				0825A30B2899E6E600231C6B /* Models in Resources */,
				08E5A6BB28980EE4003D5EBD /* Main.storyboard in Resources */,
			);
			runOnlyForDeploymentPostprocessing = 0;
		};
/* End PBXResourcesBuildPhase section */

/* Begin PBXSourcesBuildPhase section */
		08E5A6AC28980EE2003D5EBD /* Sources */ = {
			isa = PBXSourcesBuildPhase;
			buildActionMask = 2147483647;
			files = (
				0825A3142899E76B00231C6B /* projRed.xcdatamodeld in Sources */,
				08E5A6B428980EE4003D5EBD /* AppDelegate.swift in Sources */,
				08E5A6B628980EE4003D5EBD /* SceneDelegate.swift in Sources */,
			);
			runOnlyForDeploymentPostprocessing = 0;
		};
/* End PBXSourcesBuildPhase section */

/* Begin PBXVariantGroup section */
		08E5A6B928980EE4003D5EBD /* Main.storyboard */ = {
			isa = PBXVariantGroup;
			children = (
				08E5A6BA28980EE4003D5EBD /* Base */,
			);
			name = Main.storyboard;
			sourceTree = "<group>";
		};
		08E5A6BE28980F18003D5EBD /* LaunchScreen.storyboard */ = {
			isa = PBXVariantGroup;
			children = (
				08E5A6BF28980F18003D5EBD /* Base */,
			);
			name = LaunchScreen.storyboard;
			sourceTree = "<group>";
		};
/* End PBXVariantGroup section */

/* Begin XCBuildConfiguration section */
		08E5A6C228980F18003D5EBD /* Debug */ = {
			isa = XCBuildConfiguration;
			buildSettings = {
				ALWAYS_SEARCH_USER_PATHS = NO;
				CLANG_ANALYZER_NONNULL = YES;
				CLANG_ANALYZER_NUMBER_OBJECT_CONVERSION = YES_AGGRESSIVE;
				CLANG_CXX_LANGUAGE_STANDARD = "gnu++17";
				CLANG_ENABLE_MODULES = YES;
				CLANG_ENABLE_OBJC_ARC = YES;
				CLANG_ENABLE_OBJC_WEAK = YES;
				CLANG_WARN_BLOCK_CAPTURE_AUTORELEASING = YES;
				CLANG_WARN_BOOL_CONVERSION = YES;
				CLANG_WARN_COMMA = YES;
				CLANG_WARN_CONSTANT_CONVERSION = YES;
				CLANG_WARN_DEPRECATED_OBJC_IMPLEMENTATIONS = YES;
				CLANG_WARN_DIRECT_OBJC_ISA_USAGE = YES_ERROR;
				CLANG_WARN_DOCUMENTATION_COMMENTS = YES;
				CLANG_WARN_EMPTY_BODY = YES;
				CLANG_WARN_ENUM_CONVERSION = YES;
				CLANG_WARN_INFINITE_RECURSION = YES;
				CLANG_WARN_INT_CONVERSION = YES;
				CLANG_WARN_NON_LITERAL_NULL_CONVERSION = YES;
				CLANG_WARN_OBJC_IMPLICIT_RETAIN_SELF = YES;
				CLANG_WARN_OBJC_LITERAL_CONVERSION = YES;
				CLANG_WARN_OBJC_ROOT_CLASS = YES_ERROR;
				CLANG_WARN_QUOTED_INCLUDE_IN_FRAMEWORK_HEADER = YES;
				CLANG_WARN_RANGE_LOOP_ANALYSIS = YES;
				CLANG_WARN_STRICT_PROTOTYPES = YES;
				CLANG_WARN_SUSPICIOUS_MOVE = YES;
				CLANG_WARN_UNGUARDED_AVAILABILITY = YES_AGGRESSIVE;
				CLANG_WARN_UNREACHABLE_CODE = YES;
				CLANG_WARN__DUPLICATE_METHOD_MATCH = YES;
				COPY_PHASE_STRIP = NO;
				DEBUG_INFORMATION_FORMAT = dwarf;
				ENABLE_STRICT_OBJC_MSGSEND = YES;
				ENABLE_TESTABILITY = YES;
				GCC_C_LANGUAGE_STANDARD = gnu11;
				GCC_DYNAMIC_NO_PIC = NO;
				GCC_NO_COMMON_BLOCKS = YES;
				GCC_OPTIMIZATION_LEVEL = 0;
				GCC_PREPROCESSOR_DEFINITIONS = (
					"DEBUG=1",
					"$(inherited)",
				);
				GCC_WARN_64_TO_32_BIT_CONVERSION = YES;
				GCC_WARN_ABOUT_RETURN_TYPE = YES_ERROR;
				GCC_WARN_UNDECLARED_SELECTOR = YES;
				GCC_WARN_UNINITIALIZED_AUTOS = YES_AGGRESSIVE;
				GCC_WARN_UNUSED_FUNCTION = YES;
				GCC_WARN_UNUSED_VARIABLE = YES;
				IPHONEOS_DEPLOYMENT_TARGET = 15.5;
				MTL_ENABLE_DEBUG_INFO = INCLUDE_SOURCE;
				MTL_FAST_MATH = YES;
				ONLY_ACTIVE_ARCH = YES;
				SDKROOT = iphoneos;
				SWIFT_ACTIVE_COMPILATION_CONDITIONS = DEBUG;
				SWIFT_OPTIMIZATION_LEVEL = "-Onone";
			};
			name = Debug;
		};
		08E5A6C328980F18003D5EBD /* Release */ = {
			isa = XCBuildConfiguration;
			buildSettings = {
				ALWAYS_SEARCH_USER_PATHS = NO;
				CLANG_ANALYZER_NONNULL = YES;
				CLANG_ANALYZER_NUMBER_OBJECT_CONVERSION = YES_AGGRESSIVE;
				CLANG_CXX_LANGUAGE_STANDARD = "gnu++17";
				CLANG_ENABLE_MODULES = YES;
				CLANG_ENABLE_OBJC_ARC = YES;
				CLANG_ENABLE_OBJC_WEAK = YES;
				CLANG_WARN_BLOCK_CAPTURE_AUTORELEASING = YES;
				CLANG_WARN_BOOL_CONVERSION = YES;
				CLANG_WARN_COMMA = YES;
				CLANG_WARN_CONSTANT_CONVERSION = YES;
				CLANG_WARN_DEPRECATED_OBJC_IMPLEMENTATIONS = YES;
				CLANG_WARN_DIRECT_OBJC_ISA_USAGE = YES_ERROR;
				CLANG_WARN_DOCUMENTATION_COMMENTS = YES;
				CLANG_WARN_EMPTY_BODY = YES;
				CLANG_WARN_ENUM_CONVERSION = YES;
				CLANG_WARN_INFINITE_RECURSION = YES;
				CLANG_WARN_INT_CONVERSION = YES;
				CLANG_WARN_NON_LITERAL_NULL_CONVERSION = YES;
				CLANG_WARN_OBJC_IMPLICIT_RETAIN_SELF = YES;
				CLANG_WARN_OBJC_LITERAL_CONVERSION = YES;
				CLANG_WARN_OBJC_ROOT_CLASS = YES_ERROR;
				CLANG_WARN_QUOTED_INCLUDE_IN_FRAMEWORK_HEADER = YES;
				CLANG_WARN_RANGE_LOOP_ANALYSIS = YES;
				CLANG_WARN_STRICT_PROTOTYPES = YES;
				CLANG_WARN_SUSPICIOUS_MOVE = YES;
				CLANG_WARN_UNGUARDED_AVAILABILITY = YES_AGGRESSIVE;
				CLANG_WARN_UNREACHABLE_CODE = YES;
				CLANG_WARN__DUPLICATE_METHOD_MATCH = YES;
				COPY_PHASE_STRIP = NO;
				DEBUG_INFORMATION_FORMAT = "dwarf-with-dsym";
				ENABLE_NS_ASSERTIONS = NO;
				ENABLE_STRICT_OBJC_MSGSEND = YES;
				GCC_C_LANGUAGE_STANDARD = gnu11;
				GCC_NO_COMMON_BLOCKS = YES;
				GCC_WARN_64_TO_32_BIT_CONVERSION = YES;
				GCC_WARN_ABOUT_RETURN_TYPE = YES_ERROR;
				GCC_WARN_UNDECLARED_SELECTOR = YES;
				GCC_WARN_UNINITIALIZED_AUTOS = YES_AGGRESSIVE;
				GCC_WARN_UNUSED_FUNCTION = YES;
				GCC_WARN_UNUSED_VARIABLE = YES;
				IPHONEOS_DEPLOYMENT_TARGET = 15.5;
				MTL_ENABLE_DEBUG_INFO = NO;
				MTL_FAST_MATH = YES;
				SDKROOT = iphoneos;
				SWIFT_COMPILATION_MODE = wholemodule;
				SWIFT_OPTIMIZATION_LEVEL = "-O";
				VALIDATE_PRODUCT = YES;
			};
			name = Release;
		};
		08E5A6C528980F18003D5EBD /* Debug */ = {
			isa = XCBuildConfiguration;
			buildSettings = {
				ASSETCATALOG_COMPILER_APPICON_NAME = AppIcon;
				ASSETCATALOG_COMPILER_GLOBAL_ACCENT_COLOR_NAME = AccentColor;
				CODE_SIGN_STYLE = Automatic;
				CURRENT_PROJECT_VERSION = 1;
				DEVELOPMENT_TEAM = CT495RQ4G8;
				GENERATE_INFOPLIST_FILE = YES;
				INFOPLIST_FILE = projRed/Info.plist;
				INFOPLIST_KEY_UIApplicationSupportsIndirectInputEvents = YES;
				INFOPLIST_KEY_UILaunchStoryboardName = LaunchScreen;
				INFOPLIST_KEY_UIMainStoryboardFile = Main;
				INFOPLIST_KEY_UISupportedInterfaceOrientations_iPad = "UIInterfaceOrientationPortrait UIInterfaceOrientationPortraitUpsideDown UIInterfaceOrientationLandscapeLeft UIInterfaceOrientationLandscapeRight";
				INFOPLIST_KEY_UISupportedInterfaceOrientations_iPhone = "UIInterfaceOrientationPortrait UIInterfaceOrientationLandscapeLeft UIInterfaceOrientationLandscapeRight";
				LD_RUNPATH_SEARCH_PATHS = (
					"$(inherited)",
					"@executable_path/Frameworks",
				);
				MARKETING_VERSION = 1.0;
				PRODUCT_BUNDLE_IDENTIFIER = com.testCompany.projRed;
				PRODUCT_NAME = "$(TARGET_NAME)";
				SWIFT_EMIT_LOC_STRINGS = YES;
				SWIFT_VERSION = 5.0;
				TARGETED_DEVICE_FAMILY = "1,2";
			};
			name = Debug;
		};
		08E5A6C628980F18003D5EBD /* Release */ = {
			isa = XCBuildConfiguration;
			buildSettings = {
				ASSETCATALOG_COMPILER_APPICON_NAME = AppIcon;
				ASSETCATALOG_COMPILER_GLOBAL_ACCENT_COLOR_NAME = AccentColor;
				CODE_SIGN_STYLE = Automatic;
				CURRENT_PROJECT_VERSION = 1;
				DEVELOPMENT_TEAM = CT495RQ4G8;
				GENERATE_INFOPLIST_FILE = YES;
				INFOPLIST_FILE = projRed/Info.plist;
				INFOPLIST_KEY_UIApplicationSupportsIndirectInputEvents = YES;
				INFOPLIST_KEY_UILaunchStoryboardName = LaunchScreen;
				INFOPLIST_KEY_UIMainStoryboardFile = Main;
				INFOPLIST_KEY_UISupportedInterfaceOrientations_iPad = "UIInterfaceOrientationPortrait UIInterfaceOrientationPortraitUpsideDown UIInterfaceOrientationLandscapeLeft UIInterfaceOrientationLandscapeRight";
				INFOPLIST_KEY_UISupportedInterfaceOrientations_iPhone = "UIInterfaceOrientationPortrait UIInterfaceOrientationLandscapeLeft UIInterfaceOrientationLandscapeRight";
				LD_RUNPATH_SEARCH_PATHS = (
					"$(inherited)",
					"@executable_path/Frameworks",
				);
				MARKETING_VERSION = 1.0;
				PRODUCT_BUNDLE_IDENTIFIER = com.testCompany.projRed;
				PRODUCT_NAME = "$(TARGET_NAME)";
				SWIFT_EMIT_LOC_STRINGS = YES;
				SWIFT_VERSION = 5.0;
				TARGETED_DEVICE_FAMILY = "1,2";
			};
			name = Release;
		};
/* End XCBuildConfiguration section */

/* Begin XCConfigurationList section */
		08E5A6AB28980EE1003D5EBD /* Build configuration list for PBXProject "projRed" */ = {
			isa = XCConfigurationList;
			buildConfigurations = (
				08E5A6C228980F18003D5EBD /* Debug */,
				08E5A6C328980F18003D5EBD /* Release */,
			);
			defaultConfigurationIsVisible = 0;
			defaultConfigurationName = Release;
		};
		08E5A6C428980F18003D5EBD /* Build configuration list for PBXNativeTarget "projRed" */ = {
			isa = XCConfigurationList;
			buildConfigurations = (
				08E5A6C528980F18003D5EBD /* Debug */,
				08E5A6C628980F18003D5EBD /* Release */,
			);
			defaultConfigurationIsVisible = 0;
			defaultConfigurationName = Release;
		};
/* End XCConfigurationList section */

/* Begin XCVersionGroup section */
		0825A3122899E76B00231C6B /* projRed.xcdatamodeld */ = {
			isa = XCVersionGroup;
			children = (
				0825A3132899E76B00231C6B /* CleanStore.xcdatamodel */,
			);
			currentVersion = 0825A3132899E76B00231C6B /* CleanStore.xcdatamodel */;
			path = projRed.xcdatamodeld;
			sourceTree = "<group>";
			versionGroupType = wrapper.xcdatamodel;
		};
/* End XCVersionGroup section */
	};
	rootObject = 08E5A6A828980EE1003D5EBD /* Project object */;
}
